PODS:
  - GYComponents (0.1.3):
    - GYComponents/Dependence (= 0.1.3)
    - GYComponents/Foundation (= 0.1.3)
    - GYComponents/Media (= 0.1.3)
    - GYComponents/UI (= 0.1.3)
  - GYComponents/Dependence (0.1.3)
  - GYComponents/Foundation (0.1.3):
    - GYComponents/Dependence
  - GYComponents/Media (0.1.3)
  - GYComponents/UI (0.1.3):
    - GYComponents/Dependence

DEPENDENCIES:
  - GYComponents (from `../`)

EXTERNAL SOURCES:
  GYComponents:
    :path: "../"

SPEC CHECKSUMS:
  GYComponents: 06f205e017f0d3dd3b70d21cf8a71b69b1fb6f9f

PODFILE CHECKSUM: ac6f72a8bb7122ebede7bc73b7beb06b29298482

COCOAPODS: 1.8.3
